// !$*UTF8*$!
{
	archiveVersion = 1;
	classes = {
	};
	objectVersion = 51;
	objects = {

/* Begin PBXBuildFile section */
		6F4A338824ECC8D600E42896 /* Reachability.swift in Sources */ = {isa = PBXBuildFile; fileRef = 6F4A338724ECC8D600E42896 /* Reachability.swift */; };
		6F8442F424EB09B200C514CE /* AppDelegate.swift in Sources */ = {isa = PBXBuildFile; fileRef = 6F8442F324EB09B200C514CE /* AppDelegate.swift */; };
		6F8442FB24EB09B200C514CE /* Main.storyboard in Resources */ = {isa = PBXBuildFile; fileRef = 6F8442F924EB09B200C514CE /* Main.storyboard */; };
		6F8442FE24EB09B200C514CE /* Movie_App.xcdatamodeld in Sources */ = {isa = PBXBuildFile; fileRef = 6F8442FC24EB09B200C514CE /* Movie_App.xcdatamodeld */; };
		6F84430024EB09B300C514CE /* Assets.xcassets in Resources */ = {isa = PBXBuildFile; fileRef = 6F8442FF24EB09B300C514CE /* Assets.xcassets */; };
		6F84430324EB09B300C514CE /* LaunchScreen.storyboard in Resources */ = {isa = PBXBuildFile; fileRef = 6F84430124EB09B300C514CE /* LaunchScreen.storyboard */; };
		6F84430E24EB09B300C514CE /* Movie_AppTests.swift in Sources */ = {isa = PBXBuildFile; fileRef = 6F84430D24EB09B300C514CE /* Movie_AppTests.swift */; };
		6F84431924EB184100C514CE /* Movie.swift in Sources */ = {isa = PBXBuildFile; fileRef = 6F84431824EB184100C514CE /* Movie.swift */; };
		6F84431E24EB307100C514CE /* MovieCell.swift in Sources */ = {isa = PBXBuildFile; fileRef = 6F84431C24EB307100C514CE /* MovieCell.swift */; };
		6F84431F24EB307100C514CE /* MovieCell.xib in Resources */ = {isa = PBXBuildFile; fileRef = 6F84431D24EB307100C514CE /* MovieCell.xib */; };
		6F89E2A624EB446300553F3E /* MovieViewController.swift in Sources */ = {isa = PBXBuildFile; fileRef = 6F89E2A524EB446300553F3E /* MovieViewController.swift */; };
		6F89E2A824EB5F5400553F3E /* DiscoverViewController.swift in Sources */ = {isa = PBXBuildFile; fileRef = 6F89E2A724EB5F5400553F3E /* DiscoverViewController.swift */; };
		6F89E2AA24EB5F6900553F3E /* SearchViewController.swift in Sources */ = {isa = PBXBuildFile; fileRef = 6F89E2A924EB5F6900553F3E /* SearchViewController.swift */; };
		6F89E2AC24EB7B2200553F3E /* MoviesPresenter.swift in Sources */ = {isa = PBXBuildFile; fileRef = 6F89E2AB24EB7B2200553F3E /* MoviesPresenter.swift */; };
		6F89E2AE24EB7F6800553F3E /* ApiClient.swift in Sources */ = {isa = PBXBuildFile; fileRef = 6F89E2AD24EB7F6800553F3E /* ApiClient.swift */; };
		6F89E2B024EB7F8200553F3E /* DatabaseManger.swift in Sources */ = {isa = PBXBuildFile; fileRef = 6F89E2AF24EB7F8200553F3E /* DatabaseManger.swift */; };
		6FAE41C724EED4890067C55F /* SearchResultsTableViewController.swift in Sources */ = {isa = PBXBuildFile; fileRef = 6FAE41C624EED4890067C55F /* SearchResultsTableViewController.swift */; };
		6FAE41C924EF17850067C55F /* ViewControllerExtension.swift in Sources */ = {isa = PBXBuildFile; fileRef = 6FAE41C824EF17850067C55F /* ViewControllerExtension.swift */; };
		87502758745384398AD0BF29 /* Pods_Movie_App.framework in Frameworks */ = {isa = PBXBuildFile; fileRef = 5B08872B90BF55B357F36A7B /* Pods_Movie_App.framework */; };
		D2A1253791F2A55183867CE7 /* Pods_Movie_AppTests.framework in Frameworks */ = {isa = PBXBuildFile; fileRef = 4ECD8337BA04929053EF2B5C /* Pods_Movie_AppTests.framework */; };
/* End PBXBuildFile section */

/* Begin PBXContainerItemProxy section */
		6F84430A24EB09B300C514CE /* PBXContainerItemProxy */ = {
			isa = PBXContainerItemProxy;
			containerPortal = 6F8442E824EB09B100C514CE /* Project object */;
			proxyType = 1;
			remoteGlobalIDString = 6F8442EF24EB09B200C514CE;
			remoteInfo = "Movie App";
		};
/* End PBXContainerItemProxy section */

/* Begin PBXFileReference section */
		3567B6B3832EEE3FDA325FA6 /* Pods-Movie App.debug.xcconfig */ = {isa = PBXFileReference; includeInIndex = 1; lastKnownFileType = text.xcconfig; name = "Pods-Movie App.debug.xcconfig"; path = "Target Support Files/Pods-Movie App/Pods-Movie App.debug.xcconfig"; sourceTree = "<group>"; };
		40DA2CDF00EAF0C9B1677963 /* Pods-Movie App.release.xcconfig */ = {isa = PBXFileReference; includeInIndex = 1; lastKnownFileType = text.xcconfig; name = "Pods-Movie App.release.xcconfig"; path = "Target Support Files/Pods-Movie App/Pods-Movie App.release.xcconfig"; sourceTree = "<group>"; };
		4ECD8337BA04929053EF2B5C /* Pods_Movie_AppTests.framework */ = {isa = PBXFileReference; explicitFileType = wrapper.framework; includeInIndex = 0; path = Pods_Movie_AppTests.framework; sourceTree = BUILT_PRODUCTS_DIR; };
		5B08872B90BF55B357F36A7B /* Pods_Movie_App.framework */ = {isa = PBXFileReference; explicitFileType = wrapper.framework; includeInIndex = 0; path = Pods_Movie_App.framework; sourceTree = BUILT_PRODUCTS_DIR; };
		6C5241F1705E16A6C290D15D /* Pods-Movie AppTests.debug.xcconfig */ = {isa = PBXFileReference; includeInIndex = 1; lastKnownFileType = text.xcconfig; name = "Pods-Movie AppTests.debug.xcconfig"; path = "Target Support Files/Pods-Movie AppTests/Pods-Movie AppTests.debug.xcconfig"; sourceTree = "<group>"; };
		6F4A338724ECC8D600E42896 /* Reachability.swift */ = {isa = PBXFileReference; lastKnownFileType = sourcecode.swift; path = Reachability.swift; sourceTree = "<group>"; };
		6F8442F024EB09B200C514CE /* Movie App.app */ = {isa = PBXFileReference; explicitFileType = wrapper.application; includeInIndex = 0; path = "Movie App.app"; sourceTree = BUILT_PRODUCTS_DIR; };
		6F8442F324EB09B200C514CE /* AppDelegate.swift */ = {isa = PBXFileReference; lastKnownFileType = sourcecode.swift; path = AppDelegate.swift; sourceTree = "<group>"; };
		6F8442FA24EB09B200C514CE /* Base */ = {isa = PBXFileReference; lastKnownFileType = file.storyboard; name = Base; path = Base.lproj/Main.storyboard; sourceTree = "<group>"; };
		6F8442FD24EB09B200C514CE /* Movie_App.xcdatamodel */ = {isa = PBXFileReference; lastKnownFileType = wrapper.xcdatamodel; path = Movie_App.xcdatamodel; sourceTree = "<group>"; };
		6F8442FF24EB09B300C514CE /* Assets.xcassets */ = {isa = PBXFileReference; lastKnownFileType = folder.assetcatalog; path = Assets.xcassets; sourceTree = "<group>"; };
		6F84430224EB09B300C514CE /* Base */ = {isa = PBXFileReference; lastKnownFileType = file.storyboard; name = Base; path = Base.lproj/LaunchScreen.storyboard; sourceTree = "<group>"; };
		6F84430424EB09B300C514CE /* Info.plist */ = {isa = PBXFileReference; lastKnownFileType = text.plist.xml; path = Info.plist; sourceTree = "<group>"; };
		6F84430924EB09B300C514CE /* Movie AppTests.xctest */ = {isa = PBXFileReference; explicitFileType = wrapper.cfbundle; includeInIndex = 0; path = "Movie AppTests.xctest"; sourceTree = BUILT_PRODUCTS_DIR; };
		6F84430D24EB09B300C514CE /* Movie_AppTests.swift */ = {isa = PBXFileReference; lastKnownFileType = sourcecode.swift; path = Movie_AppTests.swift; sourceTree = "<group>"; };
		6F84430F24EB09B300C514CE /* Info.plist */ = {isa = PBXFileReference; lastKnownFileType = text.plist.xml; path = Info.plist; sourceTree = "<group>"; };
		6F84431824EB184100C514CE /* Movie.swift */ = {isa = PBXFileReference; lastKnownFileType = sourcecode.swift; path = Movie.swift; sourceTree = "<group>"; };
		6F84431C24EB307100C514CE /* MovieCell.swift */ = {isa = PBXFileReference; lastKnownFileType = sourcecode.swift; path = MovieCell.swift; sourceTree = "<group>"; };
		6F84431D24EB307100C514CE /* MovieCell.xib */ = {isa = PBXFileReference; lastKnownFileType = file.xib; path = MovieCell.xib; sourceTree = "<group>"; };
		6F89E2A524EB446300553F3E /* MovieViewController.swift */ = {isa = PBXFileReference; lastKnownFileType = sourcecode.swift; path = MovieViewController.swift; sourceTree = "<group>"; };
		6F89E2A724EB5F5400553F3E /* DiscoverViewController.swift */ = {isa = PBXFileReference; lastKnownFileType = sourcecode.swift; path = DiscoverViewController.swift; sourceTree = "<group>"; };
		6F89E2A924EB5F6900553F3E /* SearchViewController.swift */ = {isa = PBXFileReference; lastKnownFileType = sourcecode.swift; path = SearchViewController.swift; sourceTree = "<group>"; };
		6F89E2AB24EB7B2200553F3E /* MoviesPresenter.swift */ = {isa = PBXFileReference; lastKnownFileType = sourcecode.swift; path = MoviesPresenter.swift; sourceTree = "<group>"; };
		6F89E2AD24EB7F6800553F3E /* ApiClient.swift */ = {isa = PBXFileReference; lastKnownFileType = sourcecode.swift; path = ApiClient.swift; sourceTree = "<group>"; };
		6F89E2AF24EB7F8200553F3E /* DatabaseManger.swift */ = {isa = PBXFileReference; lastKnownFileType = sourcecode.swift; path = DatabaseManger.swift; sourceTree = "<group>"; };
		6FAE41C624EED4890067C55F /* SearchResultsTableViewController.swift */ = {isa = PBXFileReference; lastKnownFileType = sourcecode.swift; path = SearchResultsTableViewController.swift; sourceTree = "<group>"; };
		6FAE41C824EF17850067C55F /* ViewControllerExtension.swift */ = {isa = PBXFileReference; lastKnownFileType = sourcecode.swift; path = ViewControllerExtension.swift; sourceTree = "<group>"; };
		745392A1969492C8BD54BFFB /* Pods-Movie AppTests.release.xcconfig */ = {isa = PBXFileReference; includeInIndex = 1; lastKnownFileType = text.xcconfig; name = "Pods-Movie AppTests.release.xcconfig"; path = "Target Support Files/Pods-Movie AppTests/Pods-Movie AppTests.release.xcconfig"; sourceTree = "<group>"; };
/* End PBXFileReference section */

/* Begin PBXFrameworksBuildPhase section */
		6F8442ED24EB09B200C514CE /* Frameworks */ = {
			isa = PBXFrameworksBuildPhase;
			buildActionMask = 2147483647;
			files = (
				87502758745384398AD0BF29 /* Pods_Movie_App.framework in Frameworks */,
			);
			runOnlyForDeploymentPostprocessing = 0;
		};
		6F84430624EB09B300C514CE /* Frameworks */ = {
			isa = PBXFrameworksBuildPhase;
			buildActionMask = 2147483647;
			files = (
				D2A1253791F2A55183867CE7 /* Pods_Movie_AppTests.framework in Frameworks */,
			);
			runOnlyForDeploymentPostprocessing = 0;
		};
/* End PBXFrameworksBuildPhase section */

/* Begin PBXGroup section */
		6F8442E724EB09B100C514CE = {
			isa = PBXGroup;
			children = (
				6F8442F224EB09B200C514CE /* Movie App */,
				6F84430C24EB09B300C514CE /* Movie AppTests */,
				6F8442F124EB09B200C514CE /* Products */,
				906D019DC24218DA0F044A4D /* Pods */,
				911D4972081F1C8A0055585D /* Frameworks */,
			);
			sourceTree = "<group>";
		};
		6F8442F124EB09B200C514CE /* Products */ = {
			isa = PBXGroup;
			children = (
				6F8442F024EB09B200C514CE /* Movie App.app */,
				6F84430924EB09B300C514CE /* Movie AppTests.xctest */,
			);
			name = Products;
			sourceTree = "<group>";
		};
		6F8442F224EB09B200C514CE /* Movie App */ = {
			isa = PBXGroup;
			children = (
				6FAE41CE24EF75DB0067C55F /* Storyboards */,
				6FAE41CD24EF75AE0067C55F /* Database */,
				6FAE41CC24EF75900067C55F /* Api */,
				6FAE41CB24EF757D0067C55F /* Models */,
				6FAE41CA24EF756D0067C55F /* Ui */,
				6F8442F324EB09B200C514CE /* AppDelegate.swift */,
				6F8442FF24EB09B300C514CE /* Assets.xcassets */,
				6F84430424EB09B300C514CE /* Info.plist */,
				6F8442FC24EB09B200C514CE /* Movie_App.xcdatamodeld */,
			);
			path = "Movie App";
			sourceTree = "<group>";
		};
		6F84430C24EB09B300C514CE /* Movie AppTests */ = {
			isa = PBXGroup;
			children = (
				6F84430D24EB09B300C514CE /* Movie_AppTests.swift */,
				6F84430F24EB09B300C514CE /* Info.plist */,
			);
			path = "Movie AppTests";
			sourceTree = "<group>";
		};
		6FAE41CA24EF756D0067C55F /* Ui */ = {
			isa = PBXGroup;
			children = (
				6F89E2A524EB446300553F3E /* MovieViewController.swift */,
				6F89E2A724EB5F5400553F3E /* DiscoverViewController.swift */,
				6F89E2A924EB5F6900553F3E /* SearchViewController.swift */,
				6F89E2AB24EB7B2200553F3E /* MoviesPresenter.swift */,
				6FAE41C624EED4890067C55F /* SearchResultsTableViewController.swift */,
				6FAE41C824EF17850067C55F /* ViewControllerExtension.swift */,
				6FAE41CF24EF765E0067C55F /* Cell */,
			);
			path = Ui;
			sourceTree = "<group>";
		};
		6FAE41CB24EF757D0067C55F /* Models */ = {
			isa = PBXGroup;
			children = (
				6F84431824EB184100C514CE /* Movie.swift */,
			);
			path = Models;
			sourceTree = "<group>";
		};
		6FAE41CC24EF75900067C55F /* Api */ = {
			isa = PBXGroup;
			children = (
				6F89E2AD24EB7F6800553F3E /* ApiClient.swift */,
				6F4A338724ECC8D600E42896 /* Reachability.swift */,
			);
			path = Api;
			sourceTree = "<group>";
		};
		6FAE41CD24EF75AE0067C55F /* Database */ = {
			isa = PBXGroup;
			children = (
				6F89E2AF24EB7F8200553F3E /* DatabaseManger.swift */,
			);
			path = Database;
			sourceTree = "<group>";
		};
		6FAE41CE24EF75DB0067C55F /* Storyboards */ = {
			isa = PBXGroup;
			children = (
				6F8442F924EB09B200C514CE /* Main.storyboard */,
				6F84430124EB09B300C514CE /* LaunchScreen.storyboard */,
			);
			path = Storyboards;
			sourceTree = "<group>";
		};
		6FAE41CF24EF765E0067C55F /* Cell */ = {
			isa = PBXGroup;
			children = (
				6F84431C24EB307100C514CE /* MovieCell.swift */,
				6F84431D24EB307100C514CE /* MovieCell.xib */,
			);
			path = Cell;
			sourceTree = "<group>";
		};
		906D019DC24218DA0F044A4D /* Pods */ = {
			isa = PBXGroup;
			children = (
				3567B6B3832EEE3FDA325FA6 /* Pods-Movie App.debug.xcconfig */,
				40DA2CDF00EAF0C9B1677963 /* Pods-Movie App.release.xcconfig */,
				6C5241F1705E16A6C290D15D /* Pods-Movie AppTests.debug.xcconfig */,
				745392A1969492C8BD54BFFB /* Pods-Movie AppTests.release.xcconfig */,
			);
			path = Pods;
			sourceTree = "<group>";
		};
		911D4972081F1C8A0055585D /* Frameworks */ = {
			isa = PBXGroup;
			children = (
				5B08872B90BF55B357F36A7B /* Pods_Movie_App.framework */,
				4ECD8337BA04929053EF2B5C /* Pods_Movie_AppTests.framework */,
			);
			name = Frameworks;
			sourceTree = "<group>";
		};
/* End PBXGroup section */

/* Begin PBXNativeTarget section */
		6F8442EF24EB09B200C514CE /* Movie App */ = {
			isa = PBXNativeTarget;
			buildConfigurationList = 6F84431224EB09B300C514CE /* Build configuration list for PBXNativeTarget "Movie App" */;
			buildPhases = (
				7342E54F44B38ACA9ABD2496 /* [CP] Check Pods Manifest.lock */,
				6F8442EC24EB09B200C514CE /* Sources */,
				6F8442ED24EB09B200C514CE /* Frameworks */,
				6F8442EE24EB09B200C514CE /* Resources */,
				75B930D207D0C6009F8E8573 /* [CP] Embed Pods Frameworks */,
			);
			buildRules = (
			);
			dependencies = (
			);
			name = "Movie App";
			productName = "Movie App";
			productReference = 6F8442F024EB09B200C514CE /* Movie App.app */;
			productType = "com.apple.product-type.application";
		};
		6F84430824EB09B300C514CE /* Movie AppTests */ = {
			isa = PBXNativeTarget;
			buildConfigurationList = 6F84431524EB09B300C514CE /* Build configuration list for PBXNativeTarget "Movie AppTests" */;
			buildPhases = (
				3DE8386202E4EEA99AC0E17A /* [CP] Check Pods Manifest.lock */,
				6F84430524EB09B300C514CE /* Sources */,
				6F84430624EB09B300C514CE /* Frameworks */,
				6F84430724EB09B300C514CE /* Resources */,
			);
			buildRules = (
			);
			dependencies = (
				6F84430B24EB09B300C514CE /* PBXTargetDependency */,
			);
			name = "Movie AppTests";
			productName = "Movie AppTests";
			productReference = 6F84430924EB09B300C514CE /* Movie AppTests.xctest */;
			productType = "com.apple.product-type.bundle.unit-test";
		};
/* End PBXNativeTarget section */

/* Begin PBXProject section */
		6F8442E824EB09B100C514CE /* Project object */ = {
			isa = PBXProject;
			attributes = {
				LastSwiftUpdateCheck = 1140;
				LastUpgradeCheck = 1140;
				ORGANIZATIONNAME = "Mariam Ismail";
				TargetAttributes = {
					6F8442EF24EB09B200C514CE = {
						CreatedOnToolsVersion = 11.4.1;
					};
					6F84430824EB09B300C514CE = {
						CreatedOnToolsVersion = 11.4.1;
						TestTargetID = 6F8442EF24EB09B200C514CE;
					};
				};
			};
			buildConfigurationList = 6F8442EB24EB09B100C514CE /* Build configuration list for PBXProject "Movie App" */;
			compatibilityVersion = "Xcode 9.3";
			developmentRegion = en;
			hasScannedForEncodings = 0;
			knownRegions = (
				en,
				Base,
			);
			mainGroup = 6F8442E724EB09B100C514CE;
			productRefGroup = 6F8442F124EB09B200C514CE /* Products */;
			projectDirPath = "";
			projectRoot = "";
			targets = (
				6F8442EF24EB09B200C514CE /* Movie App */,
				6F84430824EB09B300C514CE /* Movie AppTests */,
			);
		};
/* End PBXProject section */

/* Begin PBXResourcesBuildPhase section */
		6F8442EE24EB09B200C514CE /* Resources */ = {
			isa = PBXResourcesBuildPhase;
			buildActionMask = 2147483647;
			files = (
				6F84430324EB09B300C514CE /* LaunchScreen.storyboard in Resources */,
				6F84430024EB09B300C514CE /* Assets.xcassets in Resources */,
				6F8442FB24EB09B200C514CE /* Main.storyboard in Resources */,
				6F84431F24EB307100C514CE /* MovieCell.xib in Resources */,
			);
			runOnlyForDeploymentPostprocessing = 0;
		};
		6F84430724EB09B300C514CE /* Resources */ = {
			isa = PBXResourcesBuildPhase;
			buildActionMask = 2147483647;
			files = (
			);
			runOnlyForDeploymentPostprocessing = 0;
		};
/* End PBXResourcesBuildPhase section */

/* Begin PBXShellScriptBuildPhase section */
		3DE8386202E4EEA99AC0E17A /* [CP] Check Pods Manifest.lock */ = {
			isa = PBXShellScriptBuildPhase;
			buildActionMask = 2147483647;
			files = (
			);
			inputFileListPaths = (
			);
			inputPaths = (
				"${PODS_PODFILE_DIR_PATH}/Podfile.lock",
				"${PODS_ROOT}/Manifest.lock",
			);
			name = "[CP] Check Pods Manifest.lock";
			outputFileListPaths = (
			);
			outputPaths = (
				"$(DERIVED_FILE_DIR)/Pods-Movie AppTests-checkManifestLockResult.txt",
			);
			runOnlyForDeploymentPostprocessing = 0;
			shellPath = /bin/sh;
			shellScript = "diff \"${PODS_PODFILE_DIR_PATH}/Podfile.lock\" \"${PODS_ROOT}/Manifest.lock\" > /dev/null\nif [ $? != 0 ] ; then\n    # print error to STDERR\n    echo \"error: The sandbox is not in sync with the Podfile.lock. Run 'pod install' or update your CocoaPods installation.\" >&2\n    exit 1\nfi\n# This output is used by Xcode 'outputs' to avoid re-running this script phase.\necho \"SUCCESS\" > \"${SCRIPT_OUTPUT_FILE_0}\"\n";
			showEnvVarsInLog = 0;
		};
		7342E54F44B38ACA9ABD2496 /* [CP] Check Pods Manifest.lock */ = {
			isa = PBXShellScriptBuildPhase;
			buildActionMask = 2147483647;
			files = (
			);
			inputFileListPaths = (
			);
			inputPaths = (
				"${PODS_PODFILE_DIR_PATH}/Podfile.lock",
				"${PODS_ROOT}/Manifest.lock",
			);
			name = "[CP] Check Pods Manifest.lock";
			outputFileListPaths = (
			);
			outputPaths = (
				"$(DERIVED_FILE_DIR)/Pods-Movie App-checkManifestLockResult.txt",
			);
			runOnlyForDeploymentPostprocessing = 0;
			shellPath = /bin/sh;
			shellScript = "diff \"${PODS_PODFILE_DIR_PATH}/Podfile.lock\" \"${PODS_ROOT}/Manifest.lock\" > /dev/null\nif [ $? != 0 ] ; then\n    # print error to STDERR\n    echo \"error: The sandbox is not in sync with the Podfile.lock. Run 'pod install' or update your CocoaPods installation.\" >&2\n    exit 1\nfi\n# This output is used by Xcode 'outputs' to avoid re-running this script phase.\necho \"SUCCESS\" > \"${SCRIPT_OUTPUT_FILE_0}\"\n";
			showEnvVarsInLog = 0;
		};
		75B930D207D0C6009F8E8573 /* [CP] Embed Pods Frameworks */ = {
			isa = PBXShellScriptBuildPhase;
			buildActionMask = 2147483647;
			files = (
			);
			inputFileListPaths = (
				"${PODS_ROOT}/Target Support Files/Pods-Movie App/Pods-Movie App-frameworks-${CONFIGURATION}-input-files.xcfilelist",
			);
			name = "[CP] Embed Pods Frameworks";
			outputFileListPaths = (
				"${PODS_ROOT}/Target Support Files/Pods-Movie App/Pods-Movie App-frameworks-${CONFIGURATION}-output-files.xcfilelist",
			);
			runOnlyForDeploymentPostprocessing = 0;
			shellPath = /bin/sh;
			shellScript = "\"${PODS_ROOT}/Target Support Files/Pods-Movie App/Pods-Movie App-frameworks.sh\"\n";
			showEnvVarsInLog = 0;
		};
/* End PBXShellScriptBuildPhase section */

/* Begin PBXSourcesBuildPhase section */
		6F8442EC24EB09B200C514CE /* Sources */ = {
			isa = PBXSourcesBuildPhase;
			buildActionMask = 2147483647;
			files = (
				6F89E2AE24EB7F6800553F3E /* ApiClient.swift in Sources */,
				6F8442F424EB09B200C514CE /* AppDelegate.swift in Sources */,
				6F89E2AC24EB7B2200553F3E /* MoviesPresenter.swift in Sources */,
				6F89E2AA24EB5F6900553F3E /* SearchViewController.swift in Sources */,
				6F89E2A824EB5F5400553F3E /* DiscoverViewController.swift in Sources */,
				6F89E2B024EB7F8200553F3E /* DatabaseManger.swift in Sources */,
				6F84431924EB184100C514CE /* Movie.swift in Sources */,
				6FAE41C924EF17850067C55F /* ViewControllerExtension.swift in Sources */,
				6F84431E24EB307100C514CE /* MovieCell.swift in Sources */,
				6F8442FE24EB09B200C514CE /* Movie_App.xcdatamodeld in Sources */,
				6F89E2A624EB446300553F3E /* MovieViewController.swift in Sources */,
				6FAE41C724EED4890067C55F /* SearchResultsTableViewController.swift in Sources */,
				6F4A338824ECC8D600E42896 /* Reachability.swift in Sources */,
			);
			runOnlyForDeploymentPostprocessing = 0;
		};
		6F84430524EB09B300C514CE /* Sources */ = {
			isa = PBXSourcesBuildPhase;
			buildActionMask = 2147483647;
			files = (
				6F84430E24EB09B300C514CE /* Movie_AppTests.swift in Sources */,
			);
			runOnlyForDeploymentPostprocessing = 0;
		};
/* End PBXSourcesBuildPhase section */

/* Begin PBXTargetDependency section */
		6F84430B24EB09B300C514CE /* PBXTargetDependency */ = {
			isa = PBXTargetDependency;
			target = 6F8442EF24EB09B200C514CE /* Movie App */;
			targetProxy = 6F84430A24EB09B300C514CE /* PBXContainerItemProxy */;
		};
/* End PBXTargetDependency section */

/* Begin PBXVariantGroup section */
		6F8442F924EB09B200C514CE /* Main.storyboard */ = {
			isa = PBXVariantGroup;
			children = (
				6F8442FA24EB09B200C514CE /* Base */,
			);
			name = Main.storyboard;
			sourceTree = "<group>";
		};
		6F84430124EB09B300C514CE /* LaunchScreen.storyboard */ = {
			isa = PBXVariantGroup;
			children = (
				6F84430224EB09B300C514CE /* Base */,
			);
			name = LaunchScreen.storyboard;
			sourceTree = "<group>";
		};
/* End PBXVariantGroup section */

/* Begin XCBuildConfiguration section */
		6F84431024EB09B300C514CE /* Debug */ = {
			isa = XCBuildConfiguration;
			buildSettings = {
				ALWAYS_SEARCH_USER_PATHS = NO;
				CLANG_ANALYZER_NONNULL = YES;
				CLANG_ANALYZER_NUMBER_OBJECT_CONVERSION = YES_AGGRESSIVE;
				CLANG_CXX_LANGUAGE_STANDARD = "gnu++14";
				CLANG_CXX_LIBRARY = "libc++";
				CLANG_ENABLE_MODULES = YES;
				CLANG_ENABLE_OBJC_ARC = YES;
				CLANG_ENABLE_OBJC_WEAK = YES;
				CLANG_WARN_BLOCK_CAPTURE_AUTORELEASING = YES;
				CLANG_WARN_BOOL_CONVERSION = YES;
				CLANG_WARN_COMMA = YES;
				CLANG_WARN_CONSTANT_CONVERSION = YES;
				CLANG_WARN_DEPRECATED_OBJC_IMPLEMENTATIONS = YES;
				CLANG_WARN_DIRECT_OBJC_ISA_USAGE = YES_ERROR;
				CLANG_WARN_DOCUMENTATION_COMMENTS = YES;
				CLANG_WARN_EMPTY_BODY = YES;
				CLANG_WARN_ENUM_CONVERSION = YES;
				CLANG_WARN_INFINITE_RECURSION = YES;
				CLANG_WARN_INT_CONVERSION = YES;
				CLANG_WARN_NON_LITERAL_NULL_CONVERSION = YES;
				CLANG_WARN_OBJC_IMPLICIT_RETAIN_SELF = YES;
				CLANG_WARN_OBJC_LITERAL_CONVERSION = YES;
				CLANG_WARN_OBJC_ROOT_CLASS = YES_ERROR;
				CLANG_WARN_RANGE_LOOP_ANALYSIS = YES;
				CLANG_WARN_STRICT_PROTOTYPES = YES;
				CLANG_WARN_SUSPICIOUS_MOVE = YES;
				CLANG_WARN_UNGUARDED_AVAILABILITY = YES_AGGRESSIVE;
				CLANG_WARN_UNREACHABLE_CODE = YES;
				CLANG_WARN__DUPLICATE_METHOD_MATCH = YES;
				COPY_PHASE_STRIP = NO;
				DEBUG_INFORMATION_FORMAT = dwarf;
				ENABLE_STRICT_OBJC_MSGSEND = YES;
				ENABLE_TESTABILITY = YES;
				GCC_C_LANGUAGE_STANDARD = gnu11;
				GCC_DYNAMIC_NO_PIC = NO;
				GCC_NO_COMMON_BLOCKS = YES;
				GCC_OPTIMIZATION_LEVEL = 0;
				GCC_PREPROCESSOR_DEFINITIONS = (
					"DEBUG=1",
					"$(inherited)",
				);
				GCC_WARN_64_TO_32_BIT_CONVERSION = YES;
				GCC_WARN_ABOUT_RETURN_TYPE = YES_ERROR;
				GCC_WARN_UNDECLARED_SELECTOR = YES;
				GCC_WARN_UNINITIALIZED_AUTOS = YES_AGGRESSIVE;
				GCC_WARN_UNUSED_FUNCTION = YES;
				GCC_WARN_UNUSED_VARIABLE = YES;
				IPHONEOS_DEPLOYMENT_TARGET = 13.4;
				MTL_ENABLE_DEBUG_INFO = INCLUDE_SOURCE;
				MTL_FAST_MATH = YES;
				ONLY_ACTIVE_ARCH = YES;
				SDKROOT = iphoneos;
				SWIFT_ACTIVE_COMPILATION_CONDITIONS = DEBUG;
				SWIFT_OPTIMIZATION_LEVEL = "-Onone";
			};
			name = Debug;
		};
		6F84431124EB09B300C514CE /* Release */ = {
			isa = XCBuildConfiguration;
			buildSettings = {
				ALWAYS_SEARCH_USER_PATHS = NO;
				CLANG_ANALYZER_NONNULL = YES;
				CLANG_ANALYZER_NUMBER_OBJECT_CONVERSION = YES_AGGRESSIVE;
				CLANG_CXX_LANGUAGE_STANDARD = "gnu++14";
				CLANG_CXX_LIBRARY = "libc++";
				CLANG_ENABLE_MODULES = YES;
				CLANG_ENABLE_OBJC_ARC = YES;
				CLANG_ENABLE_OBJC_WEAK = YES;
				CLANG_WARN_BLOCK_CAPTURE_AUTORELEASING = YES;
				CLANG_WARN_BOOL_CONVERSION = YES;
				CLANG_WARN_COMMA = YES;
				CLANG_WARN_CONSTANT_CONVERSION = YES;
				CLANG_WARN_DEPRECATED_OBJC_IMPLEMENTATIONS = YES;
				CLANG_WARN_DIRECT_OBJC_ISA_USAGE = YES_ERROR;
				CLANG_WARN_DOCUMENTATION_COMMENTS = YES;
				CLANG_WARN_EMPTY_BODY = YES;
				CLANG_WARN_ENUM_CONVERSION = YES;
				CLANG_WARN_INFINITE_RECURSION = YES;
				CLANG_WARN_INT_CONVERSION = YES;
				CLANG_WARN_NON_LITERAL_NULL_CONVERSION = YES;
				CLANG_WARN_OBJC_IMPLICIT_RETAIN_SELF = YES;
				CLANG_WARN_OBJC_LITERAL_CONVERSION = YES;
				CLANG_WARN_OBJC_ROOT_CLASS = YES_ERROR;
				CLANG_WARN_RANGE_LOOP_ANALYSIS = YES;
				CLANG_WARN_STRICT_PROTOTYPES = YES;
				CLANG_WARN_SUSPICIOUS_MOVE = YES;
				CLANG_WARN_UNGUARDED_AVAILABILITY = YES_AGGRESSIVE;
				CLANG_WARN_UNREACHABLE_CODE = YES;
				CLANG_WARN__DUPLICATE_METHOD_MATCH = YES;
				COPY_PHASE_STRIP = NO;
				DEBUG_INFORMATION_FORMAT = "dwarf-with-dsym";
				ENABLE_NS_ASSERTIONS = NO;
				ENABLE_STRICT_OBJC_MSGSEND = YES;
				GCC_C_LANGUAGE_STANDARD = gnu11;
				GCC_NO_COMMON_BLOCKS = YES;
				GCC_WARN_64_TO_32_BIT_CONVERSION = YES;
				GCC_WARN_ABOUT_RETURN_TYPE = YES_ERROR;
				GCC_WARN_UNDECLARED_SELECTOR = YES;
				GCC_WARN_UNINITIALIZED_AUTOS = YES_AGGRESSIVE;
				GCC_WARN_UNUSED_FUNCTION = YES;
				GCC_WARN_UNUSED_VARIABLE = YES;
				IPHONEOS_DEPLOYMENT_TARGET = 13.4;
				MTL_ENABLE_DEBUG_INFO = NO;
				MTL_FAST_MATH = YES;
				SDKROOT = iphoneos;
				SWIFT_COMPILATION_MODE = wholemodule;
				SWIFT_OPTIMIZATION_LEVEL = "-O";
				VALIDATE_PRODUCT = YES;
			};
			name = Release;
		};
		6F84431324EB09B300C514CE /* Debug */ = {
			isa = XCBuildConfiguration;
			baseConfigurationReference = 3567B6B3832EEE3FDA325FA6 /* Pods-Movie App.debug.xcconfig */;
			buildSettings = {
				ASSETCATALOG_COMPILER_APPICON_NAME = AppIcon;
				CODE_SIGN_STYLE = Automatic;
				DEVELOPMENT_TEAM = WE49RCL9E2;
				INFOPLIST_FILE = "Movie App/Info.plist";
				IPHONEOS_DEPLOYMENT_TARGET = 11.0;
				LD_RUNPATH_SEARCH_PATHS = (
					"$(inherited)",
					"@executable_path/Frameworks",
				);
				PRODUCT_BUNDLE_IDENTIFIER = "Example.com.Movie-App";
				PRODUCT_NAME = "$(TARGET_NAME)";
				SWIFT_VERSION = 5.0;
				TARGETED_DEVICE_FAMILY = "1,2";
			};
			name = Debug;
		};
		6F84431424EB09B300C514CE /* Release */ = {
			isa = XCBuildConfiguration;
			baseConfigurationReference = 40DA2CDF00EAF0C9B1677963 /* Pods-Movie App.release.xcconfig */;
			buildSettings = {
				ASSETCATALOG_COMPILER_APPICON_NAME = AppIcon;
				CODE_SIGN_STYLE = Automatic;
				DEVELOPMENT_TEAM = WE49RCL9E2;
				INFOPLIST_FILE = "Movie App/Info.plist";
				IPHONEOS_DEPLOYMENT_TARGET = 11.0;
				LD_RUNPATH_SEARCH_PATHS = (
					"$(inherited)",
					"@executable_path/Frameworks",
				);
				PRODUCT_BUNDLE_IDENTIFIER = "Example.com.Movie-App";
				PRODUCT_NAME = "$(TARGET_NAME)";
				SWIFT_VERSION = 5.0;
				TARGETED_DEVICE_FAMILY = "1,2";
			};
			name = Release;
		};
		6F84431624EB09B300C514CE /* Debug */ = {
			isa = XCBuildConfiguration;
			baseConfigurationReference = 6C5241F1705E16A6C290D15D /* Pods-Movie AppTests.debug.xcconfig */;
			buildSettings = {
				ALWAYS_EMBED_SWIFT_STANDARD_LIBRARIES = YES;
				BUNDLE_LOADER = "$(TEST_HOST)";
				CODE_SIGN_STYLE = Automatic;
				DEVELOPMENT_TEAM = WE49RCL9E2;
				INFOPLIST_FILE = "Movie AppTests/Info.plist";
				IPHONEOS_DEPLOYMENT_TARGET = 13.4;
				LD_RUNPATH_SEARCH_PATHS = (
					"$(inherited)",
					"@executable_path/Frameworks",
					"@loader_path/Frameworks",
				);
				PRODUCT_BUNDLE_IDENTIFIER = "Example.com.Movie-AppTests";
				PRODUCT_NAME = "$(TARGET_NAME)";
				SWIFT_VERSION = 5.0;
				TARGETED_DEVICE_FAMILY = "1,2";
				TEST_HOST = "$(BUILT_PRODUCTS_DIR)/Movie App.app/Movie App";
			};
			name = Debug;
		};
		6F84431724EB09B300C514CE /* Release */ = {
			isa = XCBuildConfiguration;
			baseConfigurationReference = 745392A1969492C8BD54BFFB /* Pods-Movie AppTests.release.xcconfig */;
			buildSettings = {
				ALWAYS_EMBED_SWIFT_STANDARD_LIBRARIES = YES;
				BUNDLE_LOADER = "$(TEST_HOST)";
				CODE_SIGN_STYLE = Automatic;
				DEVELOPMENT_TEAM = WE49RCL9E2;
				INFOPLIST_FILE = "Movie AppTests/Info.plist";
				IPHONEOS_DEPLOYMENT_TARGET = 13.4;
				LD_RUNPATH_SEARCH_PATHS = (
					"$(inherited)",
					"@executable_path/Frameworks",
					"@loader_path/Frameworks",
				);
				PRODUCT_BUNDLE_IDENTIFIER = "Example.com.Movie-AppTests";
				PRODUCT_NAME = "$(TARGET_NAME)";
				SWIFT_VERSION = 5.0;
				TARGETED_DEVICE_FAMILY = "1,2";
				TEST_HOST = "$(BUILT_PRODUCTS_DIR)/Movie App.app/Movie App";
			};
			name = Release;
		};
/* End XCBuildConfiguration section */

/* Begin XCConfigurationList section */
		6F8442EB24EB09B100C514CE /* Build configuration list for PBXProject "Movie App" */ = {
			isa = XCConfigurationList;
			buildConfigurations = (
				6F84431024EB09B300C514CE /* Debug */,
				6F84431124EB09B300C514CE /* Release */,
			);
			defaultConfigurationIsVisible = 0;
			defaultConfigurationName = Release;
		};
		6F84431224EB09B300C514CE /* Build configuration list for PBXNativeTarget "Movie App" */ = {
			isa = XCConfigurationList;
			buildConfigurations = (
				6F84431324EB09B300C514CE /* Debug */,
				6F84431424EB09B300C514CE /* Release */,
			);
			defaultConfigurationIsVisible = 0;
			defaultConfigurationName = Release;
		};
		6F84431524EB09B300C514CE /* Build configuration list for PBXNativeTarget "Movie AppTests" */ = {
			isa = XCConfigurationList;
			buildConfigurations = (
				6F84431624EB09B300C514CE /* Debug */,
				6F84431724EB09B300C514CE /* Release */,
			);
			defaultConfigurationIsVisible = 0;
			defaultConfigurationName = Release;
		};
/* End XCConfigurationList section */

/* Begin XCVersionGroup section */
		6F8442FC24EB09B200C514CE /* Movie_App.xcdatamodeld */ = {
			isa = XCVersionGroup;
			children = (
				6F8442FD24EB09B200C514CE /* Movie_App.xcdatamodel */,
			);
			currentVersion = 6F8442FD24EB09B200C514CE /* Movie_App.xcdatamodel */;
			path = Movie_App.xcdatamodeld;
			sourceTree = "<group>";
			versionGroupType = wrapper.xcdatamodel;
		};
/* End XCVersionGroup section */
	};
	rootObject = 6F8442E824EB09B100C514CE /* Project object */;
}
